
Microsoft Visual Studio Solution File, Format Version 12.00
# Visual Studio Version 16
VisualStudioVersion = 16.0.31829.152
MinimumVisualStudioVersion = 10.0.40219.1
Project("{FAE04EC0-301F-11D3-BF4B-00C04F79EFBC}") = "DesafioDev", "DesafioDev\DesafioDev.csproj", "{A86BFFB5-D1DD-4290-985C-042B5254714B}"
EndProject
Global
	GlobalSection(SolutionConfigurationPlatforms) = preSolution
		Debug|Any CPU = Debug|Any CPU
		Release|Any CPU = Release|Any CPU
	EndGlobalSection
	GlobalSection(ProjectConfigurationPlatforms) = postSolution
		{A86BFFB5-D1DD-4290-985C-042B5254714B}.Debug|Any CPU.ActiveCfg = Debug|Any CPU
		{A86BFFB5-D1DD-4290-985C-042B5254714B}.Debug|Any CPU.Build.0 = Debug|Any CPU
		{A86BFFB5-D1DD-4290-985C-042B5254714B}.Release|Any CPU.ActiveCfg = Release|Any CPU
		{A86BFFB5-D1DD-4290-985C-042B5254714B}.Release|Any CPU.Build.0 = Release|Any CPU
	EndGlobalSection
	GlobalSection(SolutionProperties) = preSolution
		HideSolutionNode = FALSE
	EndGlobalSection
	GlobalSection(ExtensibilityGlobals) = postSolution
		SolutionGuid = {EA23AF4B-6DD4-40F0-B8FA-A7B5F7C67CAF}
	EndGlobalSection
EndGlobal
